
Microsoft Visual Studio Solution File, Format Version 12.00
# Visual Studio Version 16
VisualStudioVersion = 16.0.29424.173
MinimumVisualStudioVersion = 10.0.40219.1
Project("{FAE04EC0-301F-11D3-BF4B-00C04F79EFBC}") = "CheckOut", "CheckOut\CheckOut.csproj", "{F287368C-09F4-4DEC-A819-0ADDEDF20F6B}"
EndProject
Project("{2150E333-8FDC-42A3-9474-1A3956D46DE8}") = "Resources", "Resources", "{1171A702-D78A-4285-9FB2-4B10D6DB2BC3}"
	ProjectSection(SolutionItems) = preProject
		..\..\..\Downloads\BG.jpg = ..\..\..\Downloads\BG.jpg
	EndProjectSection
EndProject
Project("{2150E333-8FDC-42A3-9474-1A3956D46DE8}") = "Parser", "Parser", "{51DC465C-1DF0-4024-AC3A-ED6C2063561A}"
EndProject
Project("{FAE04EC0-301F-11D3-BF4B-00C04F79EFBC}") = "Titan", "Titan\Titan.csproj", "{62A446B1-2169-4D8B-A636-63A215DEC670}"
EndProject
Global
	GlobalSection(SolutionConfigurationPlatforms) = preSolution
		Debug|Any CPU = Debug|Any CPU
		Release|Any CPU = Release|Any CPU
	EndGlobalSection
	GlobalSection(ProjectConfigurationPlatforms) = postSolution
		{F287368C-09F4-4DEC-A819-0ADDEDF20F6B}.Debug|Any CPU.ActiveCfg = Debug|Any CPU
		{F287368C-09F4-4DEC-A819-0ADDEDF20F6B}.Debug|Any CPU.Build.0 = Debug|Any CPU
		{F287368C-09F4-4DEC-A819-0ADDEDF20F6B}.Release|Any CPU.ActiveCfg = Release|Any CPU
		{F287368C-09F4-4DEC-A819-0ADDEDF20F6B}.Release|Any CPU.Build.0 = Release|Any CPU
		{62A446B1-2169-4D8B-A636-63A215DEC670}.Debug|Any CPU.ActiveCfg = Debug|Any CPU
		{62A446B1-2169-4D8B-A636-63A215DEC670}.Debug|Any CPU.Build.0 = Debug|Any CPU
		{62A446B1-2169-4D8B-A636-63A215DEC670}.Release|Any CPU.ActiveCfg = Release|Any CPU
		{62A446B1-2169-4D8B-A636-63A215DEC670}.Release|Any CPU.Build.0 = Release|Any CPU
	EndGlobalSection
	GlobalSection(SolutionProperties) = preSolution
		HideSolutionNode = FALSE
	EndGlobalSection
	GlobalSection(ExtensibilityGlobals) = postSolution
		SolutionGuid = {765AC465-72CB-49B7-B115-31AABAFCAA15}
	EndGlobalSection
EndGlobal
